
Microsoft Visual Studio Solution File, Format Version 12.00
# Visual Studio 15
VisualStudioVersion = 15.0.28307.1267
MinimumVisualStudioVersion = 10.0.40219.1
Project("{2150E333-8FDC-42A3-9474-1A3956D46DE8}") = "CMakePredefinedTargets", "CMakePredefinedTargets", "{780A82B6-5E79-3EF3-9673-C5CAC6A32AB4}"
EndProject
Project("{2150E333-8FDC-42A3-9474-1A3956D46DE8}") = "External", "External", "{BD1D9782-D581-387B-92EB-688D64DD1ADB}"
EndProject
Project("{2150E333-8FDC-42A3-9474-1A3956D46DE8}") = "Internal", "Internal", "{8E8B5FFA-B549-3651-9523-9916369586C3}"
EndProject
Project("{2150E333-8FDC-42A3-9474-1A3956D46DE8}") = "Utils", "Utils", "{894053E4-2F1C-3C30-8C98-3BEBAAA11199}"
EndProject
Project("{8BC9CEB8-8B4A-11D0-8D11-00A0C91BC942}") = "ALL_BUILD", "ALL_BUILD.vcxproj", "{5AA5EC5C-84C0-3D91-940F-CF4AC21D6C7E}"
	ProjectSection(ProjectDependencies) = postProject
		{D206C4E1-ED96-39B8-AEF5-0E3728D04184} = {D206C4E1-ED96-39B8-AEF5-0E3728D04184}
		{2348A356-A7D9-307D-8416-4AC44C311327} = {2348A356-A7D9-307D-8416-4AC44C311327}
		{C3C9BA15-EDA5-3737-8A59-12C93985FAF3} = {C3C9BA15-EDA5-3737-8A59-12C93985FAF3}
		{386B3652-93A8-3FFF-BD03-A940020F650E} = {386B3652-93A8-3FFF-BD03-A940020F650E}
		{43839CE6-AC49-3AE8-BC05-06942871EEDC} = {43839CE6-AC49-3AE8-BC05-06942871EEDC}
		{266357DA-EF63-363F-93F9-D49594CA0CDA} = {266357DA-EF63-363F-93F9-D49594CA0CDA}
		{7E4D17AE-0167-3A69-9AD7-FF15208BAE5E} = {7E4D17AE-0167-3A69-9AD7-FF15208BAE5E}
		{2139987D-EEE9-389A-9AB7-79D8EB0CA79A} = {2139987D-EEE9-389A-9AB7-79D8EB0CA79A}
		{5A07E649-1C5B-3D99-86F5-4B15BD008CCC} = {5A07E649-1C5B-3D99-86F5-4B15BD008CCC}
		{8B6C84EE-25D9-3C27-96BF-B6D02AB15AC5} = {8B6C84EE-25D9-3C27-96BF-B6D02AB15AC5}
		{E1DD36AC-B181-34C7-8A9D-5126A2DF6AA3} = {E1DD36AC-B181-34C7-8A9D-5126A2DF6AA3}
		{8F36F4F6-D44B-3B7F-B29C-63EBAC6BCE1C} = {8F36F4F6-D44B-3B7F-B29C-63EBAC6BCE1C}
		{A05F64A2-BADA-31EE-834D-945AA26F8475} = {A05F64A2-BADA-31EE-834D-945AA26F8475}
		{0D3D6437-9531-3B04-9103-4F5ECD33F4E7} = {0D3D6437-9531-3B04-9103-4F5ECD33F4E7}
		{341BDB0D-2A4B-3361-93D4-1C89D043738E} = {341BDB0D-2A4B-3361-93D4-1C89D043738E}
	EndProjectSection
EndProject
Project("{8BC9CEB8-8B4A-11D0-8D11-00A0C91BC942}") = "NineMensMorris", "NineMensMorris.vcxproj", "{D206C4E1-ED96-39B8-AEF5-0E3728D04184}"
	ProjectSection(ProjectDependencies) = postProject
		{2348A356-A7D9-307D-8416-4AC44C311327} = {2348A356-A7D9-307D-8416-4AC44C311327}
		{C3C9BA15-EDA5-3737-8A59-12C93985FAF3} = {C3C9BA15-EDA5-3737-8A59-12C93985FAF3}
		{386B3652-93A8-3FFF-BD03-A940020F650E} = {386B3652-93A8-3FFF-BD03-A940020F650E}
		{43839CE6-AC49-3AE8-BC05-06942871EEDC} = {43839CE6-AC49-3AE8-BC05-06942871EEDC}
		{266357DA-EF63-363F-93F9-D49594CA0CDA} = {266357DA-EF63-363F-93F9-D49594CA0CDA}
		{7E4D17AE-0167-3A69-9AD7-FF15208BAE5E} = {7E4D17AE-0167-3A69-9AD7-FF15208BAE5E}
		{2139987D-EEE9-389A-9AB7-79D8EB0CA79A} = {2139987D-EEE9-389A-9AB7-79D8EB0CA79A}
		{5A07E649-1C5B-3D99-86F5-4B15BD008CCC} = {5A07E649-1C5B-3D99-86F5-4B15BD008CCC}
		{8B6C84EE-25D9-3C27-96BF-B6D02AB15AC5} = {8B6C84EE-25D9-3C27-96BF-B6D02AB15AC5}
		{E1DD36AC-B181-34C7-8A9D-5126A2DF6AA3} = {E1DD36AC-B181-34C7-8A9D-5126A2DF6AA3}
		{8F36F4F6-D44B-3B7F-B29C-63EBAC6BCE1C} = {8F36F4F6-D44B-3B7F-B29C-63EBAC6BCE1C}
		{A05F64A2-BADA-31EE-834D-945AA26F8475} = {A05F64A2-BADA-31EE-834D-945AA26F8475}
		{0D3D6437-9531-3B04-9103-4F5ECD33F4E7} = {0D3D6437-9531-3B04-9103-4F5ECD33F4E7}
		{341BDB0D-2A4B-3361-93D4-1C89D043738E} = {341BDB0D-2A4B-3361-93D4-1C89D043738E}
	EndProjectSection
EndProject
Project("{8BC9CEB8-8B4A-11D0-8D11-00A0C91BC942}") = "SYNC_RESOURCE-NineMensMorris", "SYNC_RESOURCE-NineMensMorris.vcxproj", "{2348A356-A7D9-307D-8416-4AC44C311327}"
	ProjectSection(ProjectDependencies) = postProject
		{C3C9BA15-EDA5-3737-8A59-12C93985FAF3} = {C3C9BA15-EDA5-3737-8A59-12C93985FAF3}
	EndProjectSection
EndProject
Project("{8BC9CEB8-8B4A-11D0-8D11-00A0C91BC942}") = "ZERO_CHECK", "ZERO_CHECK.vcxproj", "{C3C9BA15-EDA5-3737-8A59-12C93985FAF3}"
EndProject
Project("{8BC9CEB8-8B4A-11D0-8D11-00A0C91BC942}") = "cocos2d", "engine\cocos\core\cocos2d.vcxproj", "{386B3652-93A8-3FFF-BD03-A940020F650E}"
	ProjectSection(ProjectDependencies) = postProject
		{C3C9BA15-EDA5-3737-8A59-12C93985FAF3} = {C3C9BA15-EDA5-3737-8A59-12C93985FAF3}
		{43839CE6-AC49-3AE8-BC05-06942871EEDC} = {43839CE6-AC49-3AE8-BC05-06942871EEDC}
		{266357DA-EF63-363F-93F9-D49594CA0CDA} = {266357DA-EF63-363F-93F9-D49594CA0CDA}
		{7E4D17AE-0167-3A69-9AD7-FF15208BAE5E} = {7E4D17AE-0167-3A69-9AD7-FF15208BAE5E}
		{2139987D-EEE9-389A-9AB7-79D8EB0CA79A} = {2139987D-EEE9-389A-9AB7-79D8EB0CA79A}
		{5A07E649-1C5B-3D99-86F5-4B15BD008CCC} = {5A07E649-1C5B-3D99-86F5-4B15BD008CCC}
		{8B6C84EE-25D9-3C27-96BF-B6D02AB15AC5} = {8B6C84EE-25D9-3C27-96BF-B6D02AB15AC5}
		{E1DD36AC-B181-34C7-8A9D-5126A2DF6AA3} = {E1DD36AC-B181-34C7-8A9D-5126A2DF6AA3}
		{8F36F4F6-D44B-3B7F-B29C-63EBAC6BCE1C} = {8F36F4F6-D44B-3B7F-B29C-63EBAC6BCE1C}
		{A05F64A2-BADA-31EE-834D-945AA26F8475} = {A05F64A2-BADA-31EE-834D-945AA26F8475}
		{0D3D6437-9531-3B04-9103-4F5ECD33F4E7} = {0D3D6437-9531-3B04-9103-4F5ECD33F4E7}
		{341BDB0D-2A4B-3361-93D4-1C89D043738E} = {341BDB0D-2A4B-3361-93D4-1C89D043738E}
	EndProjectSection
EndProject
Project("{8BC9CEB8-8B4A-11D0-8D11-00A0C91BC942}") = "ext_clipper", "engine\external\clipper\ext_clipper.vcxproj", "{43839CE6-AC49-3AE8-BC05-06942871EEDC}"
	ProjectSection(ProjectDependencies) = postProject
		{C3C9BA15-EDA5-3737-8A59-12C93985FAF3} = {C3C9BA15-EDA5-3737-8A59-12C93985FAF3}
	EndProjectSection
EndProject
Project("{8BC9CEB8-8B4A-11D0-8D11-00A0C91BC942}") = "ext_convertUTF", "engine\external\ConvertUTF\ext_convertUTF.vcxproj", "{266357DA-EF63-363F-93F9-D49594CA0CDA}"
	ProjectSection(ProjectDependencies) = postProject
		{C3C9BA15-EDA5-3737-8A59-12C93985FAF3} = {C3C9BA15-EDA5-3737-8A59-12C93985FAF3}
	EndProjectSection
EndProject
Project("{8BC9CEB8-8B4A-11D0-8D11-00A0C91BC942}") = "ext_edtaa3func", "engine\external\edtaa3func\ext_edtaa3func.vcxproj", "{7E4D17AE-0167-3A69-9AD7-FF15208BAE5E}"
	ProjectSection(ProjectDependencies) = postProject
		{C3C9BA15-EDA5-3737-8A59-12C93985FAF3} = {C3C9BA15-EDA5-3737-8A59-12C93985FAF3}
	EndProjectSection
EndProject
Project("{8BC9CEB8-8B4A-11D0-8D11-00A0C91BC942}") = "ext_md5", "engine\external\md5\ext_md5.vcxproj", "{2139987D-EEE9-389A-9AB7-79D8EB0CA79A}"
	ProjectSection(ProjectDependencies) = postProject
		{C3C9BA15-EDA5-3737-8A59-12C93985FAF3} = {C3C9BA15-EDA5-3737-8A59-12C93985FAF3}
	EndProjectSection
EndProject
Project("{8BC9CEB8-8B4A-11D0-8D11-00A0C91BC942}") = "ext_poly2tri", "engine\external\poly2tri\ext_poly2tri.vcxproj", "{5A07E649-1C5B-3D99-86F5-4B15BD008CCC}"
	ProjectSection(ProjectDependencies) = postProject
		{C3C9BA15-EDA5-3737-8A59-12C93985FAF3} = {C3C9BA15-EDA5-3737-8A59-12C93985FAF3}
	EndProjectSection
EndProject
Project("{8BC9CEB8-8B4A-11D0-8D11-00A0C91BC942}") = "ext_recast", "engine\external\recast\ext_recast.vcxproj", "{8B6C84EE-25D9-3C27-96BF-B6D02AB15AC5}"
	ProjectSection(ProjectDependencies) = postProject
		{C3C9BA15-EDA5-3737-8A59-12C93985FAF3} = {C3C9BA15-EDA5-3737-8A59-12C93985FAF3}
	EndProjectSection
EndProject
Project("{8BC9CEB8-8B4A-11D0-8D11-00A0C91BC942}") = "ext_tinyxml2", "engine\external\tinyxml2\ext_tinyxml2.vcxproj", "{E1DD36AC-B181-34C7-8A9D-5126A2DF6AA3}"
	ProjectSection(ProjectDependencies) = postProject
		{C3C9BA15-EDA5-3737-8A59-12C93985FAF3} = {C3C9BA15-EDA5-3737-8A59-12C93985FAF3}
	EndProjectSection
EndProject
Project("{8BC9CEB8-8B4A-11D0-8D11-00A0C91BC942}") = "ext_unzip", "engine\external\unzip\ext_unzip.vcxproj", "{8F36F4F6-D44B-3B7F-B29C-63EBAC6BCE1C}"
	ProjectSection(ProjectDependencies) = postProject
		{C3C9BA15-EDA5-3737-8A59-12C93985FAF3} = {C3C9BA15-EDA5-3737-8A59-12C93985FAF3}
	EndProjectSection
EndProject
Project("{8BC9CEB8-8B4A-11D0-8D11-00A0C91BC942}") = "ext_xxhash", "engine\external\xxhash\ext_xxhash.vcxproj", "{A05F64A2-BADA-31EE-834D-945AA26F8475}"
	ProjectSection(ProjectDependencies) = postProject
		{C3C9BA15-EDA5-3737-8A59-12C93985FAF3} = {C3C9BA15-EDA5-3737-8A59-12C93985FAF3}
	EndProjectSection
EndProject
Project("{8BC9CEB8-8B4A-11D0-8D11-00A0C91BC942}") = "ext_xxtea", "engine\external\xxtea\ext_xxtea.vcxproj", "{0D3D6437-9531-3B04-9103-4F5ECD33F4E7}"
	ProjectSection(ProjectDependencies) = postProject
		{C3C9BA15-EDA5-3737-8A59-12C93985FAF3} = {C3C9BA15-EDA5-3737-8A59-12C93985FAF3}
	EndProjectSection
EndProject
Project("{8BC9CEB8-8B4A-11D0-8D11-00A0C91BC942}") = "external", "engine\external\external.vcxproj", "{341BDB0D-2A4B-3361-93D4-1C89D043738E}"
	ProjectSection(ProjectDependencies) = postProject
		{C3C9BA15-EDA5-3737-8A59-12C93985FAF3} = {C3C9BA15-EDA5-3737-8A59-12C93985FAF3}
		{43839CE6-AC49-3AE8-BC05-06942871EEDC} = {43839CE6-AC49-3AE8-BC05-06942871EEDC}
		{266357DA-EF63-363F-93F9-D49594CA0CDA} = {266357DA-EF63-363F-93F9-D49594CA0CDA}
		{7E4D17AE-0167-3A69-9AD7-FF15208BAE5E} = {7E4D17AE-0167-3A69-9AD7-FF15208BAE5E}
		{2139987D-EEE9-389A-9AB7-79D8EB0CA79A} = {2139987D-EEE9-389A-9AB7-79D8EB0CA79A}
		{5A07E649-1C5B-3D99-86F5-4B15BD008CCC} = {5A07E649-1C5B-3D99-86F5-4B15BD008CCC}
		{8B6C84EE-25D9-3C27-96BF-B6D02AB15AC5} = {8B6C84EE-25D9-3C27-96BF-B6D02AB15AC5}
		{E1DD36AC-B181-34C7-8A9D-5126A2DF6AA3} = {E1DD36AC-B181-34C7-8A9D-5126A2DF6AA3}
		{8F36F4F6-D44B-3B7F-B29C-63EBAC6BCE1C} = {8F36F4F6-D44B-3B7F-B29C-63EBAC6BCE1C}
		{A05F64A2-BADA-31EE-834D-945AA26F8475} = {A05F64A2-BADA-31EE-834D-945AA26F8475}
		{0D3D6437-9531-3B04-9103-4F5ECD33F4E7} = {0D3D6437-9531-3B04-9103-4F5ECD33F4E7}
	EndProjectSection
EndProject
Project("{54435603-DBB4-11D2-8724-00A0C9A8B90C}") = "GameMills_Installer", "GameMills_Installer\GameMills_Installer.vdproj", "{FBB5DE63-6872-4C75-B841-42E892277064}"
EndProject
Global
	GlobalSection(SolutionConfigurationPlatforms) = preSolution
		Debug|Win32 = Debug|Win32
		MinSizeRel|Win32 = MinSizeRel|Win32
		Release|Win32 = Release|Win32
		RelWithDebInfo|Win32 = RelWithDebInfo|Win32
	EndGlobalSection
	GlobalSection(ProjectConfigurationPlatforms) = postSolution
		{5AA5EC5C-84C0-3D91-940F-CF4AC21D6C7E}.Debug|Win32.ActiveCfg = Debug|Win32
		{5AA5EC5C-84C0-3D91-940F-CF4AC21D6C7E}.MinSizeRel|Win32.ActiveCfg = MinSizeRel|Win32
		{5AA5EC5C-84C0-3D91-940F-CF4AC21D6C7E}.Release|Win32.ActiveCfg = Release|Win32
		{5AA5EC5C-84C0-3D91-940F-CF4AC21D6C7E}.RelWithDebInfo|Win32.ActiveCfg = RelWithDebInfo|Win32
		{D206C4E1-ED96-39B8-AEF5-0E3728D04184}.Debug|Win32.ActiveCfg = Debug|Win32
		{D206C4E1-ED96-39B8-AEF5-0E3728D04184}.Debug|Win32.Build.0 = Debug|Win32
		{D206C4E1-ED96-39B8-AEF5-0E3728D04184}.MinSizeRel|Win32.ActiveCfg = MinSizeRel|Win32
		{D206C4E1-ED96-39B8-AEF5-0E3728D04184}.MinSizeRel|Win32.Build.0 = MinSizeRel|Win32
		{D206C4E1-ED96-39B8-AEF5-0E3728D04184}.Release|Win32.ActiveCfg = Release|Win32
		{D206C4E1-ED96-39B8-AEF5-0E3728D04184}.Release|Win32.Build.0 = Release|Win32
		{D206C4E1-ED96-39B8-AEF5-0E3728D04184}.RelWithDebInfo|Win32.ActiveCfg = RelWithDebInfo|Win32
		{D206C4E1-ED96-39B8-AEF5-0E3728D04184}.RelWithDebInfo|Win32.Build.0 = RelWithDebInfo|Win32
		{2348A356-A7D9-307D-8416-4AC44C311327}.Debug|Win32.ActiveCfg = Debug|Win32
		{2348A356-A7D9-307D-8416-4AC44C311327}.Debug|Win32.Build.0 = Debug|Win32
		{2348A356-A7D9-307D-8416-4AC44C311327}.MinSizeRel|Win32.ActiveCfg = MinSizeRel|Win32
		{2348A356-A7D9-307D-8416-4AC44C311327}.MinSizeRel|Win32.Build.0 = MinSizeRel|Win32
		{2348A356-A7D9-307D-8416-4AC44C311327}.Release|Win32.ActiveCfg = Release|Win32
		{2348A356-A7D9-307D-8416-4AC44C311327}.Release|Win32.Build.0 = Release|Win32
		{2348A356-A7D9-307D-8416-4AC44C311327}.RelWithDebInfo|Win32.ActiveCfg = RelWithDebInfo|Win32
		{2348A356-A7D9-307D-8416-4AC44C311327}.RelWithDebInfo|Win32.Build.0 = RelWithDebInfo|Win32
		{C3C9BA15-EDA5-3737-8A59-12C93985FAF3}.Debug|Win32.ActiveCfg = Debug|Win32
		{C3C9BA15-EDA5-3737-8A59-12C93985FAF3}.Debug|Win32.Build.0 = Debug|Win32
		{C3C9BA15-EDA5-3737-8A59-12C93985FAF3}.MinSizeRel|Win32.ActiveCfg = MinSizeRel|Win32
		{C3C9BA15-EDA5-3737-8A59-12C93985FAF3}.MinSizeRel|Win32.Build.0 = MinSizeRel|Win32
		{C3C9BA15-EDA5-3737-8A59-12C93985FAF3}.Release|Win32.ActiveCfg = Release|Win32
		{C3C9BA15-EDA5-3737-8A59-12C93985FAF3}.Release|Win32.Build.0 = Release|Win32
		{C3C9BA15-EDA5-3737-8A59-12C93985FAF3}.RelWithDebInfo|Win32.ActiveCfg = RelWithDebInfo|Win32
		{C3C9BA15-EDA5-3737-8A59-12C93985FAF3}.RelWithDebInfo|Win32.Build.0 = RelWithDebInfo|Win32
		{386B3652-93A8-3FFF-BD03-A940020F650E}.Debug|Win32.ActiveCfg = Debug|Win32
		{386B3652-93A8-3FFF-BD03-A940020F650E}.Debug|Win32.Build.0 = Debug|Win32
		{386B3652-93A8-3FFF-BD03-A940020F650E}.MinSizeRel|Win32.ActiveCfg = MinSizeRel|Win32
		{386B3652-93A8-3FFF-BD03-A940020F650E}.MinSizeRel|Win32.Build.0 = MinSizeRel|Win32
		{386B3652-93A8-3FFF-BD03-A940020F650E}.Release|Win32.ActiveCfg = Release|Win32
		{386B3652-93A8-3FFF-BD03-A940020F650E}.Release|Win32.Build.0 = Release|Win32
		{386B3652-93A8-3FFF-BD03-A940020F650E}.RelWithDebInfo|Win32.ActiveCfg = RelWithDebInfo|Win32
		{386B3652-93A8-3FFF-BD03-A940020F650E}.RelWithDebInfo|Win32.Build.0 = RelWithDebInfo|Win32
		{43839CE6-AC49-3AE8-BC05-06942871EEDC}.Debug|Win32.ActiveCfg = Debug|Win32
		{43839CE6-AC49-3AE8-BC05-06942871EEDC}.Debug|Win32.Build.0 = Debug|Win32
		{43839CE6-AC49-3AE8-BC05-06942871EEDC}.MinSizeRel|Win32.ActiveCfg = MinSizeRel|Win32
		{43839CE6-AC49-3AE8-BC05-06942871EEDC}.MinSizeRel|Win32.Build.0 = MinSizeRel|Win32
		{43839CE6-AC49-3AE8-BC05-06942871EEDC}.Release|Win32.ActiveCfg = Release|Win32
		{43839CE6-AC49-3AE8-BC05-06942871EEDC}.Release|Win32.Build.0 = Release|Win32
		{43839CE6-AC49-3AE8-BC05-06942871EEDC}.RelWithDebInfo|Win32.ActiveCfg = RelWithDebInfo|Win32
		{43839CE6-AC49-3AE8-BC05-06942871EEDC}.RelWithDebInfo|Win32.Build.0 = RelWithDebInfo|Win32
		{266357DA-EF63-363F-93F9-D49594CA0CDA}.Debug|Win32.ActiveCfg = Debug|Win32
		{266357DA-EF63-363F-93F9-D49594CA0CDA}.Debug|Win32.Build.0 = Debug|Win32
		{266357DA-EF63-363F-93F9-D49594CA0CDA}.MinSizeRel|Win32.ActiveCfg = MinSizeRel|Win32
		{266357DA-EF63-363F-93F9-D49594CA0CDA}.MinSizeRel|Win32.Build.0 = MinSizeRel|Win32
		{266357DA-EF63-363F-93F9-D49594CA0CDA}.Release|Win32.ActiveCfg = Release|Win32
		{266357DA-EF63-363F-93F9-D49594CA0CDA}.Release|Win32.Build.0 = Release|Win32
		{266357DA-EF63-363F-93F9-D49594CA0CDA}.RelWithDebInfo|Win32.ActiveCfg = RelWithDebInfo|Win32
		{266357DA-EF63-363F-93F9-D49594CA0CDA}.RelWithDebInfo|Win32.Build.0 = RelWithDebInfo|Win32
		{7E4D17AE-0167-3A69-9AD7-FF15208BAE5E}.Debug|Win32.ActiveCfg = Debug|Win32
		{7E4D17AE-0167-3A69-9AD7-FF15208BAE5E}.Debug|Win32.Build.0 = Debug|Win32
		{7E4D17AE-0167-3A69-9AD7-FF15208BAE5E}.MinSizeRel|Win32.ActiveCfg = MinSizeRel|Win32
		{7E4D17AE-0167-3A69-9AD7-FF15208BAE5E}.MinSizeRel|Win32.Build.0 = MinSizeRel|Win32
		{7E4D17AE-0167-3A69-9AD7-FF15208BAE5E}.Release|Win32.ActiveCfg = Release|Win32
		{7E4D17AE-0167-3A69-9AD7-FF15208BAE5E}.Release|Win32.Build.0 = Release|Win32
		{7E4D17AE-0167-3A69-9AD7-FF15208BAE5E}.RelWithDebInfo|Win32.ActiveCfg = RelWithDebInfo|Win32
		{7E4D17AE-0167-3A69-9AD7-FF15208BAE5E}.RelWithDebInfo|Win32.Build.0 = RelWithDebInfo|Win32
		{2139987D-EEE9-389A-9AB7-79D8EB0CA79A}.Debug|Win32.ActiveCfg = Debug|Win32
		{2139987D-EEE9-389A-9AB7-79D8EB0CA79A}.Debug|Win32.Build.0 = Debug|Win32
		{2139987D-EEE9-389A-9AB7-79D8EB0CA79A}.MinSizeRel|Win32.ActiveCfg = MinSizeRel|Win32
		{2139987D-EEE9-389A-9AB7-79D8EB0CA79A}.MinSizeRel|Win32.Build.0 = MinSizeRel|Win32
		{2139987D-EEE9-389A-9AB7-79D8EB0CA79A}.Release|Win32.ActiveCfg = Release|Win32
		{2139987D-EEE9-389A-9AB7-79D8EB0CA79A}.Release|Win32.Build.0 = Release|Win32
		{2139987D-EEE9-389A-9AB7-79D8EB0CA79A}.RelWithDebInfo|Win32.ActiveCfg = RelWithDebInfo|Win32
		{2139987D-EEE9-389A-9AB7-79D8EB0CA79A}.RelWithDebInfo|Win32.Build.0 = RelWithDebInfo|Win32
		{5A07E649-1C5B-3D99-86F5-4B15BD008CCC}.Debug|Win32.ActiveCfg = Debug|Win32
		{5A07E649-1C5B-3D99-86F5-4B15BD008CCC}.Debug|Win32.Build.0 = Debug|Win32
		{5A07E649-1C5B-3D99-86F5-4B15BD008CCC}.MinSizeRel|Win32.ActiveCfg = MinSizeRel|Win32
		{5A07E649-1C5B-3D99-86F5-4B15BD008CCC}.MinSizeRel|Win32.Build.0 = MinSizeRel|Win32
		{5A07E649-1C5B-3D99-86F5-4B15BD008CCC}.Release|Win32.ActiveCfg = Release|Win32
		{5A07E649-1C5B-3D99-86F5-4B15BD008CCC}.Release|Win32.Build.0 = Release|Win32
		{5A07E649-1C5B-3D99-86F5-4B15BD008CCC}.RelWithDebInfo|Win32.ActiveCfg = RelWithDebInfo|Win32
		{5A07E649-1C5B-3D99-86F5-4B15BD008CCC}.RelWithDebInfo|Win32.Build.0 = RelWithDebInfo|Win32
		{8B6C84EE-25D9-3C27-96BF-B6D02AB15AC5}.Debug|Win32.ActiveCfg = Debug|Win32
		{8B6C84EE-25D9-3C27-96BF-B6D02AB15AC5}.Debug|Win32.Build.0 = Debug|Win32
		{8B6C84EE-25D9-3C27-96BF-B6D02AB15AC5}.MinSizeRel|Win32.ActiveCfg = MinSizeRel|Win32
		{8B6C84EE-25D9-3C27-96BF-B6D02AB15AC5}.MinSizeRel|Win32.Build.0 = MinSizeRel|Win32
		{8B6C84EE-25D9-3C27-96BF-B6D02AB15AC5}.Release|Win32.ActiveCfg = Release|Win32
		{8B6C84EE-25D9-3C27-96BF-B6D02AB15AC5}.Release|Win32.Build.0 = Release|Win32
		{8B6C84EE-25D9-3C27-96BF-B6D02AB15AC5}.RelWithDebInfo|Win32.ActiveCfg = RelWithDebInfo|Win32
		{8B6C84EE-25D9-3C27-96BF-B6D02AB15AC5}.RelWithDebInfo|Win32.Build.0 = RelWithDebInfo|Win32
		{E1DD36AC-B181-34C7-8A9D-5126A2DF6AA3}.Debug|Win32.ActiveCfg = Debug|Win32
		{E1DD36AC-B181-34C7-8A9D-5126A2DF6AA3}.Debug|Win32.Build.0 = Debug|Win32
		{E1DD36AC-B181-34C7-8A9D-5126A2DF6AA3}.MinSizeRel|Win32.ActiveCfg = MinSizeRel|Win32
		{E1DD36AC-B181-34C7-8A9D-5126A2DF6AA3}.MinSizeRel|Win32.Build.0 = MinSizeRel|Win32
		{E1DD36AC-B181-34C7-8A9D-5126A2DF6AA3}.Release|Win32.ActiveCfg = Release|Win32
		{E1DD36AC-B181-34C7-8A9D-5126A2DF6AA3}.Release|Win32.Build.0 = Release|Win32
		{E1DD36AC-B181-34C7-8A9D-5126A2DF6AA3}.RelWithDebInfo|Win32.ActiveCfg = RelWithDebInfo|Win32
		{E1DD36AC-B181-34C7-8A9D-5126A2DF6AA3}.RelWithDebInfo|Win32.Build.0 = RelWithDebInfo|Win32
		{8F36F4F6-D44B-3B7F-B29C-63EBAC6BCE1C}.Debug|Win32.ActiveCfg = Debug|Win32
		{8F36F4F6-D44B-3B7F-B29C-63EBAC6BCE1C}.Debug|Win32.Build.0 = Debug|Win32
		{8F36F4F6-D44B-3B7F-B29C-63EBAC6BCE1C}.MinSizeRel|Win32.ActiveCfg = MinSizeRel|Win32
		{8F36F4F6-D44B-3B7F-B29C-63EBAC6BCE1C}.MinSizeRel|Win32.Build.0 = MinSizeRel|Win32
		{8F36F4F6-D44B-3B7F-B29C-63EBAC6BCE1C}.Release|Win32.ActiveCfg = Release|Win32
		{8F36F4F6-D44B-3B7F-B29C-63EBAC6BCE1C}.Release|Win32.Build.0 = Release|Win32
		{8F36F4F6-D44B-3B7F-B29C-63EBAC6BCE1C}.RelWithDebInfo|Win32.ActiveCfg = RelWithDebInfo|Win32
		{8F36F4F6-D44B-3B7F-B29C-63EBAC6BCE1C}.RelWithDebInfo|Win32.Build.0 = RelWithDebInfo|Win32
		{A05F64A2-BADA-31EE-834D-945AA26F8475}.Debug|Win32.ActiveCfg = Debug|Win32
		{A05F64A2-BADA-31EE-834D-945AA26F8475}.Debug|Win32.Build.0 = Debug|Win32
		{A05F64A2-BADA-31EE-834D-945AA26F8475}.MinSizeRel|Win32.ActiveCfg = MinSizeRel|Win32
		{A05F64A2-BADA-31EE-834D-945AA26F8475}.MinSizeRel|Win32.Build.0 = MinSizeRel|Win32
		{A05F64A2-BADA-31EE-834D-945AA26F8475}.Release|Win32.ActiveCfg = Release|Win32
		{A05F64A2-BADA-31EE-834D-945AA26F8475}.Release|Win32.Build.0 = Release|Win32
		{A05F64A2-BADA-31EE-834D-945AA26F8475}.RelWithDebInfo|Win32.ActiveCfg = RelWithDebInfo|Win32
		{A05F64A2-BADA-31EE-834D-945AA26F8475}.RelWithDebInfo|Win32.Build.0 = RelWithDebInfo|Win32
		{0D3D6437-9531-3B04-9103-4F5ECD33F4E7}.Debug|Win32.ActiveCfg = Debug|Win32
		{0D3D6437-9531-3B04-9103-4F5ECD33F4E7}.Debug|Win32.Build.0 = Debug|Win32
		{0D3D6437-9531-3B04-9103-4F5ECD33F4E7}.MinSizeRel|Win32.ActiveCfg = MinSizeRel|Win32
		{0D3D6437-9531-3B04-9103-4F5ECD33F4E7}.MinSizeRel|Win32.Build.0 = MinSizeRel|Win32
		{0D3D6437-9531-3B04-9103-4F5ECD33F4E7}.Release|Win32.ActiveCfg = Release|Win32
		{0D3D6437-9531-3B04-9103-4F5ECD33F4E7}.Release|Win32.Build.0 = Release|Win32
		{0D3D6437-9531-3B04-9103-4F5ECD33F4E7}.RelWithDebInfo|Win32.ActiveCfg = RelWithDebInfo|Win32
		{0D3D6437-9531-3B04-9103-4F5ECD33F4E7}.RelWithDebInfo|Win32.Build.0 = RelWithDebInfo|Win32
		{341BDB0D-2A4B-3361-93D4-1C89D043738E}.Debug|Win32.ActiveCfg = Debug|Win32
		{341BDB0D-2A4B-3361-93D4-1C89D043738E}.Debug|Win32.Build.0 = Debug|Win32
		{341BDB0D-2A4B-3361-93D4-1C89D043738E}.MinSizeRel|Win32.ActiveCfg = MinSizeRel|Win32
		{341BDB0D-2A4B-3361-93D4-1C89D043738E}.MinSizeRel|Win32.Build.0 = MinSizeRel|Win32
		{341BDB0D-2A4B-3361-93D4-1C89D043738E}.Release|Win32.ActiveCfg = Release|Win32
		{341BDB0D-2A4B-3361-93D4-1C89D043738E}.Release|Win32.Build.0 = Release|Win32
		{341BDB0D-2A4B-3361-93D4-1C89D043738E}.RelWithDebInfo|Win32.ActiveCfg = RelWithDebInfo|Win32
		{341BDB0D-2A4B-3361-93D4-1C89D043738E}.RelWithDebInfo|Win32.Build.0 = RelWithDebInfo|Win32
		{FBB5DE63-6872-4C75-B841-42E892277064}.Debug|Win32.ActiveCfg = Debug
		{FBB5DE63-6872-4C75-B841-42E892277064}.Debug|Win32.Build.0 = Debug
		{FBB5DE63-6872-4C75-B841-42E892277064}.MinSizeRel|Win32.ActiveCfg = Release
		{FBB5DE63-6872-4C75-B841-42E892277064}.Release|Win32.ActiveCfg = Release
		{FBB5DE63-6872-4C75-B841-42E892277064}.RelWithDebInfo|Win32.ActiveCfg = Release
	EndGlobalSection
	GlobalSection(SolutionProperties) = preSolution
		HideSolutionNode = FALSE
	EndGlobalSection
	GlobalSection(NestedProjects) = preSolution
		{5AA5EC5C-84C0-3D91-940F-CF4AC21D6C7E} = {780A82B6-5E79-3EF3-9673-C5CAC6A32AB4}
		{2348A356-A7D9-307D-8416-4AC44C311327} = {894053E4-2F1C-3C30-8C98-3BEBAAA11199}
		{C3C9BA15-EDA5-3737-8A59-12C93985FAF3} = {780A82B6-5E79-3EF3-9673-C5CAC6A32AB4}
		{386B3652-93A8-3FFF-BD03-A940020F650E} = {8E8B5FFA-B549-3651-9523-9916369586C3}
		{43839CE6-AC49-3AE8-BC05-06942871EEDC} = {BD1D9782-D581-387B-92EB-688D64DD1ADB}
		{266357DA-EF63-363F-93F9-D49594CA0CDA} = {BD1D9782-D581-387B-92EB-688D64DD1ADB}
		{7E4D17AE-0167-3A69-9AD7-FF15208BAE5E} = {BD1D9782-D581-387B-92EB-688D64DD1ADB}
		{2139987D-EEE9-389A-9AB7-79D8EB0CA79A} = {BD1D9782-D581-387B-92EB-688D64DD1ADB}
		{5A07E649-1C5B-3D99-86F5-4B15BD008CCC} = {BD1D9782-D581-387B-92EB-688D64DD1ADB}
		{8B6C84EE-25D9-3C27-96BF-B6D02AB15AC5} = {BD1D9782-D581-387B-92EB-688D64DD1ADB}
		{E1DD36AC-B181-34C7-8A9D-5126A2DF6AA3} = {BD1D9782-D581-387B-92EB-688D64DD1ADB}
		{8F36F4F6-D44B-3B7F-B29C-63EBAC6BCE1C} = {BD1D9782-D581-387B-92EB-688D64DD1ADB}
		{A05F64A2-BADA-31EE-834D-945AA26F8475} = {BD1D9782-D581-387B-92EB-688D64DD1ADB}
		{0D3D6437-9531-3B04-9103-4F5ECD33F4E7} = {BD1D9782-D581-387B-92EB-688D64DD1ADB}
		{341BDB0D-2A4B-3361-93D4-1C89D043738E} = {BD1D9782-D581-387B-92EB-688D64DD1ADB}
	EndGlobalSection
	GlobalSection(ExtensibilityGlobals) = postSolution
		SolutionGuid = {8E3610DB-F218-3B71-A09E-C8C797A30316}
	EndGlobalSection
EndGlobal
